
Microsoft Visual Studio Solution File, Format Version 12.00
# Visual Studio Version 17
VisualStudioVersion = 17.9.34728.123
MinimumVisualStudioVersion = 10.0.40219.1
Project("{FAE04EC0-301F-11D3-BF4B-00C04F79EFBC}") = "Assignment 1", "Assignment 1\Assignment 1.csproj", "{DF293317-0383-43FD-A943-2063D1251AEA}"
EndProject
Global
	GlobalSection(SolutionConfigurationPlatforms) = preSolution
		Debug|Any CPU = Debug|Any CPU
		Release|Any CPU = Release|Any CPU
	EndGlobalSection
	GlobalSection(ProjectConfigurationPlatforms) = postSolution
		{DF293317-0383-43FD-A943-2063D1251AEA}.Debug|Any CPU.ActiveCfg = Debug|Any CPU
		{DF293317-0383-43FD-A943-2063D1251AEA}.Debug|Any CPU.Build.0 = Debug|Any CPU
		{DF293317-0383-43FD-A943-2063D1251AEA}.Release|Any CPU.ActiveCfg = Release|Any CPU
		{DF293317-0383-43FD-A943-2063D1251AEA}.Release|Any CPU.Build.0 = Release|Any CPU
	EndGlobalSection
	GlobalSection(SolutionProperties) = preSolution
		HideSolutionNode = FALSE
	EndGlobalSection
	GlobalSection(ExtensibilityGlobals) = postSolution
		SolutionGuid = {3C371C1F-AA10-4D16-A771-9C2F6679BF01}
	EndGlobalSection
EndGlobal
